
Microsoft Visual Studio Solution File, Format Version 12.00
# Visual Studio Version 16
VisualStudioVersion = 16.0.31624.102
MinimumVisualStudioVersion = 10.0.40219.1
Project("{D2ABAB84-BF74-430A-B69E-9DC6D40DDA17}") = "Cube Kramse", "Cube Kramse\Cube Kramse.dwproj", "{07AC6779-BD78-4EE7-8AD9-244911CF93C9}"
EndProject
Global
	GlobalSection(SolutionConfigurationPlatforms) = preSolution
		Development|Default = Development|Default
	EndGlobalSection
	GlobalSection(ProjectConfigurationPlatforms) = postSolution
		{07AC6779-BD78-4EE7-8AD9-244911CF93C9}.Development|Default.ActiveCfg = Development
		{07AC6779-BD78-4EE7-8AD9-244911CF93C9}.Development|Default.Build.0 = Development
		{07AC6779-BD78-4EE7-8AD9-244911CF93C9}.Development|Default.Deploy.0 = Development
	EndGlobalSection
	GlobalSection(SolutionProperties) = preSolution
		HideSolutionNode = FALSE
	EndGlobalSection
	GlobalSection(ExtensibilityGlobals) = postSolution
		SolutionGuid = {FE163C6E-734D-4F93-B906-62827AB9C2AE}
	EndGlobalSection
EndGlobal
