
Microsoft Visual Studio Solution File, Format Version 12.00
# Visual Studio Version 16
VisualStudioVersion = 16.0.31624.102
MinimumVisualStudioVersion = 10.0.40219.1
Project("{D2ABAB84-BF74-430A-B69E-9DC6D40DDA17}") = "MultidimensionalProject1", "MultidimensionalProject1\MultidimensionalProject1.dwproj", "{692155AB-6F3D-40AC-B7D5-552B52129018}"
EndProject
Global
	GlobalSection(SolutionConfigurationPlatforms) = preSolution
		Development|Default = Development|Default
	EndGlobalSection
	GlobalSection(ProjectConfigurationPlatforms) = postSolution
		{692155AB-6F3D-40AC-B7D5-552B52129018}.Development|Default.ActiveCfg = Development
		{692155AB-6F3D-40AC-B7D5-552B52129018}.Development|Default.Build.0 = Development
		{692155AB-6F3D-40AC-B7D5-552B52129018}.Development|Default.Deploy.0 = Development
	EndGlobalSection
	GlobalSection(SolutionProperties) = preSolution
		HideSolutionNode = FALSE
	EndGlobalSection
	GlobalSection(ExtensibilityGlobals) = postSolution
		SolutionGuid = {18FD606F-25AD-4BA8-8117-A09383EEE7BA}
	EndGlobalSection
EndGlobal
